
Microsoft Visual Studio Solution File, Format Version 12.00
Project("{FAE04EC0-301F-11D3-BF4B-00C04F79EFBC}") = "Pentangle", "Pentangle.csproj", "{5855D822-D9BB-460C-AC0A-0EB2CE3462EA}"
EndProject
Global
	GlobalSection(SolutionConfigurationPlatforms) = preSolution
		Debug|Any CPU = Debug|Any CPU
		Release|Any CPU = Release|Any CPU
	EndGlobalSection
	GlobalSection(ProjectConfigurationPlatforms) = postSolution
		{5855D822-D9BB-460C-AC0A-0EB2CE3462EA}.Debug|Any CPU.ActiveCfg = Debug|Any CPU
		{5855D822-D9BB-460C-AC0A-0EB2CE3462EA}.Debug|Any CPU.Build.0 = Debug|Any CPU
		{5855D822-D9BB-460C-AC0A-0EB2CE3462EA}.Release|Any CPU.ActiveCfg = Release|Any CPU
		{5855D822-D9BB-460C-AC0A-0EB2CE3462EA}.Release|Any CPU.Build.0 = Release|Any CPU
	EndGlobalSection
EndGlobal
